
Microsoft Visual Studio Solution File, Format Version 12.00
# Visual Studio Version 17
VisualStudioVersion = 17.4.33122.133
MinimumVisualStudioVersion = 10.0.40219.1
Project("{FAE04EC0-301F-11D3-BF4B-00C04F79EFBC}") = "MinecraftMod", "MinecraftMod\MinecraftMod.csproj", "{F6EEC759-516D-47EC-BFF2-0489ED808DF1}"
EndProject
Global
	GlobalSection(SolutionConfigurationPlatforms) = preSolution
		Debug|Any CPU = Debug|Any CPU
		Release|Any CPU = Release|Any CPU
	EndGlobalSection
	GlobalSection(ProjectConfigurationPlatforms) = postSolution
		{F6EEC759-516D-47EC-BFF2-0489ED808DF1}.Debug|Any CPU.ActiveCfg = Debug|Any CPU
		{F6EEC759-516D-47EC-BFF2-0489ED808DF1}.Debug|Any CPU.Build.0 = Debug|Any CPU
		{F6EEC759-516D-47EC-BFF2-0489ED808DF1}.Release|Any CPU.ActiveCfg = Release|Any CPU
		{F6EEC759-516D-47EC-BFF2-0489ED808DF1}.Release|Any CPU.Build.0 = Release|Any CPU
	EndGlobalSection
	GlobalSection(SolutionProperties) = preSolution
		HideSolutionNode = FALSE
	EndGlobalSection
	GlobalSection(ExtensibilityGlobals) = postSolution
		SolutionGuid = {4B06BF6E-7117-4C19-B1CD-AF0250CF03E8}
	EndGlobalSection
EndGlobal
